
Microsoft Visual Studio Solution File, Format Version 12.00
# Visual Studio Version 16
VisualStudioVersion = 16.0.31205.134
MinimumVisualStudioVersion = 10.0.40219.1
Project("{9A19103F-16F7-4668-BE54-9A1E7A4F7556}") = "MediatorPipeline", "MediatorPipeline\MediatorPipeline.csproj", "{E73BEBFF-CD8D-4AC2-8D9D-BC4291371FDD}"
EndProject
Global
	GlobalSection(SolutionConfigurationPlatforms) = preSolution
		Debug|Any CPU = Debug|Any CPU
		Release|Any CPU = Release|Any CPU
	EndGlobalSection
	GlobalSection(ProjectConfigurationPlatforms) = postSolution
		{E73BEBFF-CD8D-4AC2-8D9D-BC4291371FDD}.Debug|Any CPU.ActiveCfg = Debug|Any CPU
		{E73BEBFF-CD8D-4AC2-8D9D-BC4291371FDD}.Debug|Any CPU.Build.0 = Debug|Any CPU
		{E73BEBFF-CD8D-4AC2-8D9D-BC4291371FDD}.Release|Any CPU.ActiveCfg = Release|Any CPU
		{E73BEBFF-CD8D-4AC2-8D9D-BC4291371FDD}.Release|Any CPU.Build.0 = Release|Any CPU
	EndGlobalSection
	GlobalSection(SolutionProperties) = preSolution
		HideSolutionNode = FALSE
	EndGlobalSection
	GlobalSection(ExtensibilityGlobals) = postSolution
		SolutionGuid = {6EBBCF33-EEC0-47AB-9384-E92E10BB771A}
	EndGlobalSection
EndGlobal
