
Microsoft Visual Studio Solution File, Format Version 12.00
# Visual Studio Version 17
VisualStudioVersion = 17.3.32825.248
MinimumVisualStudioVersion = 10.0.40219.1
Project("{9A19103F-16F7-4668-BE54-9A1E7A4F7556}") = "Grpc.Server", "Grpc.Server\Grpc.Server.csproj", "{EB77BE1D-E2F3-43DC-8107-AD482D02870B}"
EndProject
Global
	GlobalSection(SolutionConfigurationPlatforms) = preSolution
		Debug|Any CPU = Debug|Any CPU
		Release|Any CPU = Release|Any CPU
	EndGlobalSection
	GlobalSection(ProjectConfigurationPlatforms) = postSolution
		{EB77BE1D-E2F3-43DC-8107-AD482D02870B}.Debug|Any CPU.ActiveCfg = Debug|Any CPU
		{EB77BE1D-E2F3-43DC-8107-AD482D02870B}.Debug|Any CPU.Build.0 = Debug|Any CPU
		{EB77BE1D-E2F3-43DC-8107-AD482D02870B}.Release|Any CPU.ActiveCfg = Release|Any CPU
		{EB77BE1D-E2F3-43DC-8107-AD482D02870B}.Release|Any CPU.Build.0 = Release|Any CPU
	EndGlobalSection
	GlobalSection(SolutionProperties) = preSolution
		HideSolutionNode = FALSE
	EndGlobalSection
	GlobalSection(ExtensibilityGlobals) = postSolution
		SolutionGuid = {0AB79899-A221-4095-B204-30A58F1A11DC}
	EndGlobalSection
EndGlobal
